
Microsoft Visual Studio Solution File, Format Version 12.00
# Visual Studio Version 17
VisualStudioVersion = 17.2.32519.379
MinimumVisualStudioVersion = 10.0.40219.1
Project("{FAE04EC0-301F-11D3-BF4B-00C04F79EFBC}") = "Enterprise", "Enterprise\Enterprise.csproj", "{E4C6BFAA-7E0B-4C2E-83C5-5EC33D899870}"
EndProject
Global
	GlobalSection(SolutionConfigurationPlatforms) = preSolution
		Debug|Any CPU = Debug|Any CPU
		Release|Any CPU = Release|Any CPU
	EndGlobalSection
	GlobalSection(ProjectConfigurationPlatforms) = postSolution
		{E4C6BFAA-7E0B-4C2E-83C5-5EC33D899870}.Debug|Any CPU.ActiveCfg = Debug|Any CPU
		{E4C6BFAA-7E0B-4C2E-83C5-5EC33D899870}.Debug|Any CPU.Build.0 = Debug|Any CPU
		{E4C6BFAA-7E0B-4C2E-83C5-5EC33D899870}.Release|Any CPU.ActiveCfg = Release|Any CPU
		{E4C6BFAA-7E0B-4C2E-83C5-5EC33D899870}.Release|Any CPU.Build.0 = Release|Any CPU
	EndGlobalSection
	GlobalSection(SolutionProperties) = preSolution
		HideSolutionNode = FALSE
	EndGlobalSection
	GlobalSection(ExtensibilityGlobals) = postSolution
		SolutionGuid = {1D6E2D29-EC42-47B0-8ECB-893DDE8B3711}
	EndGlobalSection
EndGlobal
